{
    "_meta": {
        "hash": {
            "sha256": "caf7105609c8a01bd77f69664bc8e94856006ae3c82fbe1efe91cba5de23c94c"
        },
        "pipfile-spec": 6,
        "requires": {
            "python_version": "3.7"
        },
        "sources": [
            {
                "name": "pypi",
                "url": "https://pypi.org/simple",
                "verify_ssl": true
            }
        ]
    },
    "default": {
        "absl-py": {
            "hashes": [
                "sha256:62bd4e248ddb19d81aec8f9446b407ff37c8175c2ba88266a7afa9b4ce4a333b",
                "sha256:6953272383486044699fd0e9f00aad167a27e08ce19aae66c6c4b10e7e767793"
            ],
            "version": "==0.13.0"
        },
        "astunparse": {
            "hashes": [
                "sha256:5ad93a8456f0d084c3456d059fd9a92cce667963232cbf763eac3bc5b7940872",
                "sha256:c2652417f2c8b5bb325c885ae329bdf3f86424075c4fd1a128674bc6fba4b8e8"
            ],
            "version": "==1.6.3"
        },
        "cachetools": {
            "hashes": [
                "sha256:2cc0b89715337ab6dbba85b5b50effe2b0c74e035d83ee8ed637cf52f12ae001",
                "sha256:61b5ed1e22a0924aed1d23b478f37e8d52549ff8a961de2909c69bf950020cff"
            ],
            "markers": "python_version ~= '3.5'",
            "version": "==4.2.2"
        },
        "certifi": {
            "hashes": [
                "sha256:2bbf76fd432960138b3ef6dda3dde0544f27cbf8546c458e60baf371917ba9ee",
                "sha256:50b1e4f8446b06f41be7dd6338db18e0990601dce795c2b1686458aa7e8fa7d8"
            ],
            "version": "==2021.5.30"
        },
        "chardet": {
            "hashes": [
                "sha256:84ab92ed1c4d4f16916e05906b6b75a6c0fb5db821cc65e70cbd64a3e2a5eaae",
                "sha256:fc323ffcaeaed0e0a02bf4d117757b98aed530d9ed4531e3e15460124c106691"
            ],
            "version": "==3.0.4"
        },
        "click": {
            "hashes": [
                "sha256:d2b5255c7c6349bc1bd1e59e08cd12acbbd63ce649f2588755783aa94dfb6b1a",
                "sha256:dacca89f4bfadd5de3d7489b7c8a566eee0d3676333fbb50030263894c38c0dc"
            ],
            "index": "pypi",
            "version": "==7.1.2"
        },
        "colorlog": {
            "hashes": [
                "sha256:af99440154a01f27c09256760ea3477982bf782721feaa345904e806879df4d8",
                "sha256:b13da382156711f7973bf7cbd1f40ea544aff51fde5dc3fb8f3fa602c321d645"
            ],
            "markers": "python_version >= '3.6'",
            "version": "==6.4.1"
        },
        "cython": {
            "hashes": [
                "sha256:00faa77500ca2f865fd7f3126f86e77de3ec0d855dd6cf92fc85b57ebed11655",
                "sha256:14e218a93d4f2e43e0063a5a0f7f26fe1783d5d20700216c5c4ff092c4553488",
                "sha256:179ad5569dc101e3e0d9d04305f9a5e03fbf8acf9d93fb543340f8c1a8fb054b",
                "sha256:20cdf3f918c46355128d7c7cb041872ba2863cc11313972c6e390bd3dad968ba",
                "sha256:2a98c9f852b266f0b9a147da4b6699cf6da24b817375f74d51986312373689ab",
                "sha256:3950ae725472ae47bfb41c6bfdb3869a8ac27b5f30405f599a51398512afa224",
                "sha256:4dbb58f963f6283b31b4ddac44e4f684527b06923efdec72ecb54e70ee91c766",
                "sha256:4e8d351ee840a4e491f8f0a64da19923ada0ce09d2d818bce0ae6ce1b6837aeb",
                "sha256:4f35752adfd4855d39e38bf08eb6d02f7aa88b1bb420ab86e6d2e37ccd7c88c2",
                "sha256:5c501742a92cbcef8f3c21d1dcba9c073b37f1218af3586957901730ac6b6665",
                "sha256:6361588cb1d82875bcfbad83d7dd66c442099759f895cf547995f00601f9caf2",
                "sha256:719eddf050a1c8b0abbd74b0c388523cf618c3d9fe3bf20a350f4eafa43776e6",
                "sha256:785d6e88a3bb10ce6425d23f0a740a21b0bfc9e8d371fea7edba0eaa0ec57d96",
                "sha256:788192badd3b1ebb1a72a5c6cc2a07b692ca4c1c1fe4431fdd3c0e439e2c0a6d",
                "sha256:7c8ac5bc9726ccb1a1cce1af4ceb7589228db6c57ada3bfcd461075abe3a6a7b",
                "sha256:7cec6bd82fd92f85790908fdc7a43a8a5442606e6d771d5b32a1ab8a39ad1a65",
                "sha256:7d597733ad0e7fc545df39100ee3b24290ce35586466dee4fa6018d4b8815d72",
                "sha256:809896928abce18e7c91a28b2705473ca4f15b9a53f433495845a882e15c09d8",
                "sha256:8135cc7de72805833a118e7c8a255daddd35875d17ea21f6c356200b0fa4b732",
                "sha256:86ae455b1dd7041b4b8a15499fe72f3d3f990f78a794deb799ee2ef7db389ca0",
                "sha256:8ef49cafea89d99ffc2cf37af2f0f2b7d219080574f14a422f701bcaa85c7167",
                "sha256:96d18413a33aa5ce51a5554615ba01e3fdb26126d8678459330d052f0bdf60ec",
                "sha256:a5ebd8fe5a3d97924bd89d449914d1c5b6d084f4b124a4eb28e4412d09fb0f20",
                "sha256:b19a1aa98192d44d7254613a1f9c382ef381deb79289f2ff446d1447d19085aa",
                "sha256:b6f7d2cf2f6b246fd04696d6d346489628f94f72a4988682ea0591b632370a1f",
                "sha256:c56f658ab6f387619a3668cd78cf2d3459324d9ea3cb39cce4d72ef5bce8f318",
                "sha256:c68f3015cbb0f5bc402829bad0a6b907889413f2e28cc0873dc1443de0f1a808",
                "sha256:c78fd0bdf5915f4df730298e6cc7197e4c6aa5285d7c37491366a38125b3e0ab",
                "sha256:dcfee6312cf8f4f4839bae22f323a0e885c4237e2187202ab12def8a5460ca4c",
                "sha256:e146b4b4ed4937a40e9e5c27b264adfce4ae4b7640d46eeffd3eef123b0170a2",
                "sha256:ea75bbc076d4a5605d04c72c8c7a933f51473b0bcecd79295256b9ecd75cca49",
                "sha256:f7b20838f2534ad0d231c4c6e09acbdd40fb995a9671bb05839f7879093ec5e3",
                "sha256:fce2e7f500b1456f96d5b8ceefba243cae7018ad8b3f791e62c20a0f0fbba71c"
            ],
            "index": "pypi",
            "version": "==0.29.17"
        },
        "gast": {
            "hashes": [
                "sha256:8f46f5be57ae6889a4e16e2ca113b1703ef17f2b0abceb83793eaba9e1351a45",
                "sha256:b881ef288a49aa81440d2c5eb8aeefd4c2bb8993d5f50edae7413a85bfdb3b57"
            ],
            "markers": "python_version >= '2.7' and python_version not in '3.0, 3.1, 3.2, 3.3'",
            "version": "==0.3.3"
        },
        "google-auth": {
            "hashes": [
                "sha256:997516b42ecb5b63e8d80f5632c1a61dddf41d2a4c2748057837e06e00014258",
                "sha256:b7033be9028c188ee30200b204ea00ed82ea1162e8ac1df4aa6ded19a191d88e"
            ],
            "markers": "python_version >= '2.7' and python_version not in '3.0, 3.1, 3.2, 3.3, 3.4, 3.5'",
            "version": "==1.35.0"
        },
        "google-auth-oauthlib": {
            "hashes": [
                "sha256:3f2a6e802eebbb6fb736a370fbf3b055edcb6b52878bf2f26330b5e041316c73",
                "sha256:a90a072f6993f2c327067bf65270046384cda5a8ecb20b94ea9a687f1f233a7a"
            ],
            "markers": "python_version >= '3.6'",
            "version": "==0.4.6"
        },
        "google-pasta": {
            "hashes": [
                "sha256:4612951da876b1a10fe3960d7226f0c7682cf901e16ac06e473b267a5afa8954",
                "sha256:b32482794a366b5366a32c92a9a9201b107821889935a02b3e51f6b432ea84ed",
                "sha256:c9f2c8dfc8f96d0d5808299920721be30c9eec37f2389f28904f454565c8a16e"
            ],
            "version": "==0.2.0"
        },
        "grpcio": {
            "hashes": [
                "sha256:005fe14e67291498989da67d454d805be31d57a988af28ed3a2a0a7cabb05c53",
                "sha256:1708a0ba90c798b4313f541ffbcc25ed47e790adaafb02111204362723dabef0",
                "sha256:17ed13d43450ef9d1f9b78cc932bcf42844ca302235b93026dfd07fb5208d146",
                "sha256:1d9eabe2eb2f78208f9ae67a591f73b024488449d4e0a5b27c7fca2d6901a2d4",
                "sha256:1f9ccc9f5c0d5084d1cd917a0b5ff0142a8d269d0755592d751f8ce9e7d3d7f1",
                "sha256:24277aab99c346ca36a1aa8589a0624e19a8e6f2b74c83f538f7bb1cc5ee8dbc",
                "sha256:27dee6dcd1c04c4e9ceea49f6143003569292209d2c24ca100166660805e2440",
                "sha256:33dc4259fecb96e6eac20f760656b911bcb1616aa3e58b3a1d2f125714a2f5d3",
                "sha256:3d172158fe886a2604db1b6e17c2de2ab465fe0fe36aba2ec810ca8441cefe3a",
                "sha256:41e250ec7cd7523bf49c815b5509d5821728c26fac33681d4b0d1f5f34f59f06",
                "sha256:45704b9b5b85f9bcb027f90f2563d11d995c1b870a9ee4b3766f6c7ff6fc3505",
                "sha256:49155dfdf725c0862c428039123066b25ce61bd38ce50a21ce325f1735aac1bd",
                "sha256:4967949071c9e435f9565ec2f49700cebeda54836a04710fe21f7be028c0125a",
                "sha256:4c2baa438f51152c9b7d0835ff711add0b4bc5056c0f5df581a6112153010696",
                "sha256:5729ca9540049f52c2e608ca110048cfabab3aeaa0d9f425361d9f8ba8506cac",
                "sha256:5f6d6b638698fa6decf7f040819aade677b583eaa21b43366232cb254a2bbac8",
                "sha256:5ff0dcf66315f3f00e1a8eb7244c6a49bdb0cc59bef4fb65b9db8adbd78e6acb",
                "sha256:6b9b432f5665dfc802187384693b6338f05c7fc3707ebf003a89bd5132074e27",
                "sha256:6f8f581787e739945e6cda101f312ea8a7e7082bdbb4993901eb828da6a49092",
                "sha256:72b7b8075ee822dad4b39c150d73674c1398503d389e38981e9e35a894c476de",
                "sha256:886d056f5101ac513f4aefe4d21a816d98ee3f9a8e77fc3bcb4ae1a3a24efe26",
                "sha256:8a35b5f87247c893b01abf2f4f7493a18c2c5bf8eb3923b8dd1654d8377aa1a7",
                "sha256:913916823efa2e487b2ee9735b7759801d97fd1974bacdb1900e3bbd17f7d508",
                "sha256:a4389e26a8f9338ca91effdc5436dfec67d6ecd296368dba115799ae8f8e5bdb",
                "sha256:a66a30513d2e080790244a7ac3d7a3f45001f936c5c2c9613e41e2a5d7a11794",
                "sha256:a812164ceb48cb62c3217bd6245274e693c624cc2ac0c1b11b4cea96dab054dd",
                "sha256:a93490e6eff5fce3748fb2757cb4273dc21eb1b56732b8c9640fd82c1997b215",
                "sha256:b1b34e5a6f1285d1576099c663dae28c07b474015ed21e35a243aff66a0c2aed",
                "sha256:ba9dd97ea1738be3e81d34e6bab8ff91a0b80668a4ec81454b283d3c828cebde",
                "sha256:bf114be0023b145f7101f392a344692c1efd6de38a610c54a65ed3cba035e669",
                "sha256:c26de909cfd54bacdb7e68532a1591a128486af47ee3a5f828df9aa2165ae457",
                "sha256:d271e52038dec0db7c39ad9303442d6087c55e09b900e2931b86e837cf0cbc2e",
                "sha256:d3b4b41eb0148fca3e6e6fc61d1332a7e8e7c4074fb0d1543f0b255d7f5f1588",
                "sha256:d487b4daf84a14741ca1dc1c061ffb11df49d13702cd169b5837fafb5e84d9c0",
                "sha256:d760a66c9773780837915be85a39d2cd4ab42ef32657c5f1d28475e23ab709fc",
                "sha256:e12d776a240fee3ebd002519c02d165d94ec636d3fe3d6185b361bfc9a2d3106",
                "sha256:e19de138199502d575fcec5cf68ae48815a6efe7e5c0d0b8c97eba8c77ae9f0e",
                "sha256:e2367f2b18dd4ba64cdcd9f626a920f9ec2e8228630839dc8f4a424d461137ea",
                "sha256:ecfd80e8ea03c46b3ea7ed37d2040fcbfe739004b9e4329b8b602d06ac6fb113",
                "sha256:edddc849bed3c5dfe215a9f9532a9bd9f670b57d7b8af603be80148b4c69e9a8",
                "sha256:eedc8c3514c10b6f11c6f406877e424ca29610883b97bb97e33b1dd2a9077f6c",
                "sha256:f06e07161c21391682bfcac93a181a037a8aa3d561546690e9d0501189729aac",
                "sha256:fb06708e3d173e387326abcd5182d52beb60e049db5c3d317bd85509e938afdc",
                "sha256:fbe3b66bfa2c2f94535f6063f6db62b5b150d55a120f2f9e1175d3087429c4d9"
            ],
            "version": "==1.40.0"
        },
        "h5py": {
            "hashes": [
                "sha256:063947eaed5f271679ed4ffa36bb96f57bc14f44dd4336a827d9a02702e6ce6b",
                "sha256:13c87efa24768a5e24e360a40e0bc4c49bcb7ce1bb13a3a7f9902cec302ccd36",
                "sha256:16ead3c57141101e3296ebeed79c9c143c32bdd0e82a61a2fc67e8e6d493e9d1",
                "sha256:3dad1730b6470fad853ef56d755d06bb916ee68a3d8272b3bab0c1ddf83bb99e",
                "sha256:51ae56894c6c93159086ffa2c94b5b3388c0400548ab26555c143e7cfa05b8e5",
                "sha256:54817b696e87eb9e403e42643305f142cd8b940fe9b3b490bbf98c3b8a894cf4",
                "sha256:549ad124df27c056b2e255ea1c44d30fb7a17d17676d03096ad5cd85edb32dc1",
                "sha256:64f74da4a1dd0d2042e7d04cf8294e04ddad686f8eba9bb79e517ae582f6668d",
                "sha256:6998be619c695910cb0effe5eb15d3a511d3d1a5d217d4bd0bebad1151ec2262",
                "sha256:6ef7ab1089e3ef53ca099038f3c0a94d03e3560e6aff0e9d6c64c55fb13fc681",
                "sha256:769e141512b54dee14ec76ed354fcacfc7d97fea5a7646b709f7400cf1838630",
                "sha256:79b23f47c6524d61f899254f5cd5e486e19868f1823298bc0c29d345c2447172",
                "sha256:7be5754a159236e95bd196419485343e2b5875e806fe68919e087b6351f40a70",
                "sha256:84412798925dc870ffd7107f045d7659e60f5d46d1c70c700375248bf6bf512d",
                "sha256:86868dc07b9cc8cb7627372a2e6636cdc7a53b7e2854ad020c9e9d8a4d3fd0f5",
                "sha256:8bb1d2de101f39743f91512a9750fb6c351c032e5cd3204b4487383e34da7f75",
                "sha256:a5f82cd4938ff8761d9760af3274acf55afc3c91c649c50ab18fcff5510a14a5",
                "sha256:aac4b57097ac29089f179bbc2a6e14102dd210618e94d77ee4831c65f82f17c0",
                "sha256:bffbc48331b4a801d2f4b7dac8a72609f0b10e6e516e5c480a3e3241e091c878",
                "sha256:c0d4b04bbf96c47b6d360cd06939e72def512b20a18a8547fa4af810258355d5",
                "sha256:c54a2c0dd4957776ace7f95879d81582298c5daf89e77fb8bee7378f132951de",
                "sha256:cbf28ae4b5af0f05aa6e7551cee304f1d317dbed1eb7ac1d827cee2f1ef97a99",
                "sha256:d35f7a3a6cefec82bfdad2785e78359a0e6a5fbb3f605dd5623ce88082ccd681",
                "sha256:d3c59549f90a891691991c17f8e58c8544060fdf3ccdea267100fa5f561ff62f",
                "sha256:d7ae7a0576b06cb8e8a1c265a8bc4b73d05fdee6429bffc9a26a6eb531e79d72",
                "sha256:ecf4d0b56ee394a0984de15bceeb97cbe1fe485f1ac205121293fc44dcf3f31f",
                "sha256:f0e25bb91e7a02efccb50aba6591d3fe2c725479e34769802fcdd4076abfa917",
                "sha256:f23951a53d18398ef1344c186fb04b26163ca6ce449ebd23404b153fd111ded9",
                "sha256:ff7d241f866b718e4584fa95f520cb19405220c501bd3a53ee11871ba5166ea2"
            ],
            "version": "==2.10.0"
        },
        "hydra-colorlog": {
            "hashes": [
                "sha256:6b03fb0011bbf91bf8236b8db4de707297ce3fc84a9975da03f673c5ca19ca09",
                "sha256:79dfefb02eb1ae435ebdb897edeb89a85e332bf3a6336eb4ecbf0cf9f530a826"
            ],
            "index": "pypi",
            "version": "==0.1.4"
        },
        "hydra-core": {
            "hashes": [
                "sha256:173d2688b65ba1345f4f43b6bc5a3d92485b3cebfccca2ca33d5f8a37ec6fdc6",
                "sha256:43ef27b4a32a70cbf566b10bd198def5c5d03cab212d4ea49e744aeb0c14a6b7"
            ],
            "index": "pypi",
            "version": "==0.11.3"
        },
        "idna": {
            "hashes": [
                "sha256:b307872f855b18632ce0c21c5e45be78c0ea7ae4c15c828c20788b26921eb3f6",
                "sha256:b97d804b1e9b523befed77c48dacec60e6dcb0b5391d57af6a65a312a90648c0"
            ],
            "markers": "python_version >= '2.7' and python_version not in '3.0, 3.1, 3.2, 3.3'",
            "version": "==2.10"
        },
        "importlib-metadata": {
            "hashes": [
                "sha256:b618b6d2d5ffa2f16add5697cf57a46c76a56229b0ed1c438322e4e95645bd15",
                "sha256:f284b3e11256ad1e5d03ab86bb2ccd6f5339688ff17a4d797a0fe7df326f23b1"
            ],
            "markers": "python_version < '3.8'",
            "version": "==4.8.1"
        },
        "keras-preprocessing": {
            "hashes": [
                "sha256:7b82029b130ff61cc99b55f3bd27427df4838576838c5b2f65940e4fcec99a7b",
                "sha256:add82567c50c8bc648c14195bf544a5ce7c1f76761536956c3d2978970179ef3"
            ],
            "version": "==1.1.2"
        },
        "markdown": {
            "hashes": [
                "sha256:31b5b491868dcc87d6c24b7e3d19a0d730d59d3e46f4eea6430a321bed387a49",
                "sha256:96c3ba1261de2f7547b46a00ea8463832c921d3f9d6aba3f255a6f71386db20c"
            ],
            "markers": "python_version >= '3.6'",
            "version": "==3.3.4"
        },
        "numpy": {
            "hashes": [
                "sha256:09858463db6dd9f78b2a1a05c93f3b33d4f65975771e90d2cf7aadb7c2f66edf",
                "sha256:209666ce9d4a817e8a4597cd475b71b4878a85fa4b8db41d79fdb4fdee01dde2",
                "sha256:298156f4d3d46815eaf0fcf0a03f9625fc7631692bd1ad851517ab93c3168fc6",
                "sha256:30fc68307c0155d2a75ad19844224be0f2c6f06572d958db4e2053f816b859ad",
                "sha256:423216d8afc5923b15df86037c6053bf030d15cc9e3224206ef868c2d63dd6dc",
                "sha256:426a00b68b0d21f2deb2ace3c6d677e611ad5a612d2c76494e24a562a930c254",
                "sha256:466e682264b14982012887e90346d33435c984b7fead7b85e634903795c8fdb0",
                "sha256:51a7b9db0a2941434cd930dacaafe0fc9da8f3d6157f9d12f761bbde93f46218",
                "sha256:52a664323273c08f3b473548bf87c8145b7513afd63e4ebba8496ecd3853df13",
                "sha256:550564024dc5ceee9421a86fc0fb378aa9d222d4d0f858f6669eff7410c89bef",
                "sha256:5de64950137f3a50b76ce93556db392e8f1f954c2d8207f78a92d1f79aa9f737",
                "sha256:640c1ccfd56724f2955c237b6ccce2e5b8607c3bc1cc51d3933b8c48d1da3723",
                "sha256:7fdc7689daf3b845934d67cb221ba8d250fdca20ac0334fea32f7091b93f00d3",
                "sha256:805459ad8baaf815883d0d6f86e45b3b0b67d823a8f3fa39b1ed9c45eaf5edf1",
                "sha256:92a0ab128b07799dd5b9077a9af075a63467d03ebac6f8a93e6440abfea4120d",
                "sha256:9f2dc79c093f6c5113718d3d90c283f11463d77daa4e83aeeac088ec6a0bda52",
                "sha256:a5109345f5ce7ddb3840f5970de71c34a0ff7fceb133c9441283bb8250f532a3",
                "sha256:a55e4d81c4260386f71d22294795c87609164e22b28ba0d435850fbdf82fc0c5",
                "sha256:a9da45b748caad72ea4a4ed57e9cd382089f33c5ec330a804eb420a496fa760f",
                "sha256:b160b9a99ecc6559d9e6d461b95c8eec21461b332f80267ad2c10394b9503496",
                "sha256:b342064e647d099ca765f19672696ad50c953cac95b566af1492fd142283580f",
                "sha256:b5e8590b9245803c849e09bae070a8e1ff444f45e3f0bed558dd722119eea724",
                "sha256:bf75d5825ef47aa51d669b03ce635ecb84d69311e05eccea083f31c7570c9931",
                "sha256:c01b59b33c7c3ba90744f2c695be571a3bd40ab2ba7f3d169ffa6db3cfba614f",
                "sha256:d96a6a7d74af56feb11e9a443150216578ea07b7450f7c05df40eec90af7f4a7",
                "sha256:dd0e3651d210068d13e18503d75aaa45656eef51ef0b261f891788589db2cc38",
                "sha256:e167b9805de54367dcb2043519382be541117503ce99e3291cc9b41ca0a83557",
                "sha256:e42029e184008a5fd3d819323345e25e2337b0ac7f5c135b7623308530209d57",
                "sha256:f545c082eeb09ae678dd451a1b1dbf17babd8a0d7adea02897a76e639afca310",
                "sha256:fde50062d67d805bc96f1a9ecc0d37bfc2a8f02b937d2c50824d186aa91f2419"
            ],
            "markers": "python_version < '3.11' and python_version >= '3.7'",
            "version": "==1.21.2"
        },
        "oauthlib": {
            "hashes": [
                "sha256:42bf6354c2ed8c6acb54d971fce6f88193d97297e18602a3a886603f9d7730cc",
                "sha256:8f0215fcc533dd8dd1bee6f4c412d4f0cd7297307d43ac61666389e3bc3198a3"
            ],
            "markers": "python_version >= '3.6'",
            "version": "==3.1.1"
        },
        "omegaconf": {
            "hashes": [
                "sha256:01c9f93c3578dce7d42ce06f3d1305437322234ccc1accfc71d344d5e17413a1",
                "sha256:5bb6c9391224c6277e06171b661904a68dcbcfbabd831eb552f4803a02eefddc"
            ],
            "version": "==1.4.1"
        },
        "opencv-python": {
            "hashes": [
                "sha256:068928b9907b3d3acd53b129062557d6b0b8b324bfade77f028dbe4dfe482bf2",
                "sha256:0e7c91718351449877c2d4141abd64eee1f9c8701bcfaf4e8627bd023e303368",
                "sha256:1ab92d807427641ec45d28d5907426aa06b4ffd19c5b794729c74d91cd95090e",
                "sha256:31d634dea1b47c231b88d384f90605c598214d0c596443c9bb808e11761829f5",
                "sha256:5fdfc0bed37315f27d30ae5ae9bad47ec0a0a28c323739d39c8177b7e0929238",
                "sha256:6fa8fac14dd5af4819d475f74af12d65fbbfa391d3110c3a972934a5e6507c24",
                "sha256:78cc89ebc808886eb190626ee71ab65e47f374121975f86e4d5f7c0e3ce6bed9",
                "sha256:7c7ba11720d01cb572b4b6945d115cb103462c0a28996b44d4e540d06e6a90fd",
                "sha256:a37ee82f1b8ed4b4645619c504311e71ce845b78f40055e78d71add5fab7da82",
                "sha256:aa3ca1f54054e1c6439fdf1edafa2a2b940a9eaac04a7b422a1cba9b2d7b9690",
                "sha256:b9de3dd956574662712da8e285f0f54327959a4e95b96a2847d3c3f5ee7b96e2",
                "sha256:c0087b428cef9a32d977390656d91b02245e0e91f909870492df7e39202645dd",
                "sha256:d87e506ab205799727f0efa34b3888949bf029a3ada5eb000ff632606370ca6e",
                "sha256:d8a55585631f9c9eca4b1a996e9732ae023169cf2f46f69e4518d67d96198226",
                "sha256:dcb8da8c5ebaa6360c8555547a4c7beb6cd983dd95ba895bb78b86cc8cf3de2b",
                "sha256:e2206bb8c17c0f212f1f356d82d72dd090ff4651994034416da9bf0c29732825",
                "sha256:e3c57d6579e5bf85f564d6d48d8ee89868b92879a9232b9975d072c346625e92",
                "sha256:ef89cbf332b9a735d8a82e9ff79cc743eeeb775ad1cd7100bc2aa2429b496f07",
                "sha256:f45c1c3cdda1857bedd4dfe0bbd49c9419af0cc57f33490341edeae97d18f037",
                "sha256:fb3c855347310788e4286b867997be354c55535597966ed5dac876d9166013a4"
            ],
            "index": "pypi",
            "version": "==4.2.0.34"
        },
        "opt-einsum": {
            "hashes": [
                "sha256:2455e59e3947d3c275477df7f5205b30635e266fe6dc300e3d9f9646bfcea147",
                "sha256:59f6475f77bbc37dcf7cd748519c0ec60722e91e63ca114e68821c0c54a46549"
            ],
            "markers": "python_version >= '3.5'",
            "version": "==3.3.0"
        },
        "pillow": {
            "hashes": [
                "sha256:0412516dcc9de9b0a1e0ae25a280015809de8270f134cc2c1e32c4eeb397cf30",
                "sha256:04835e68ef12904bc3e1fd002b33eea0779320d4346082bd5b24bec12ad9c3e9",
                "sha256:06d1adaa284696785375fa80a6a8eb309be722cf4ef8949518beb34487a3df71",
                "sha256:085a90a99404b859a4b6c3daa42afde17cb3ad3115e44a75f0d7b4a32f06a6c9",
                "sha256:0b9911ec70731711c3b6ebcde26caea620cbdd9dcb73c67b0730c8817f24711b",
                "sha256:10e00f7336780ca7d3653cf3ac26f068fa11b5a96894ea29a64d3dc4b810d630",
                "sha256:11c27e74bab423eb3c9232d97553111cc0be81b74b47165f07ebfdd29d825875",
                "sha256:11eb7f98165d56042545c9e6db3ce394ed8b45089a67124298f0473b29cb60b2",
                "sha256:13654b521fb98abdecec105ea3fb5ba863d1548c9b58831dd5105bb3873569f1",
                "sha256:15ccb81a6ffc57ea0137f9f3ac2737ffa1d11f786244d719639df17476d399a7",
                "sha256:18a07a683805d32826c09acfce44a90bf474e6a66ce482b1c7fcd3757d588df3",
                "sha256:19ec4cfe4b961edc249b0e04b5618666c23a83bc35842dea2bfd5dfa0157f81b",
                "sha256:1c3ff00110835bdda2b1e2b07f4a2548a39744bb7de5946dc8e95517c4fb2ca6",
                "sha256:27a330bf7014ee034046db43ccbb05c766aa9e70b8d6c5260bfc38d73103b0ba",
                "sha256:2b11c9d310a3522b0fd3c35667914271f570576a0e387701f370eb39d45f08a4",
                "sha256:2c661542c6f71dfd9dc82d9d29a8386287e82813b0375b3a02983feac69ef864",
                "sha256:2cde7a4d3687f21cffdf5bb171172070bb95e02af448c4c8b2f223d783214056",
                "sha256:2d5e9dc0bf1b5d9048a94c48d0813b6c96fccfa4ccf276d9c36308840f40c228",
                "sha256:2f23b2d3079522fdf3c09de6517f625f7a964f916c956527bed805ac043799b8",
                "sha256:35d27687f027ad25a8d0ef45dd5208ef044c588003cdcedf05afb00dbc5c2deb",
                "sha256:35d409030bf3bd05fa66fb5fdedc39c521b397f61ad04309c90444e893d05f7d",
                "sha256:4326ea1e2722f3dc00ed77c36d3b5354b8fb7399fb59230249ea6d59cbed90da",
                "sha256:4abc247b31a98f29e5224f2d31ef15f86a71f79c7f4d2ac345a5d551d6393073",
                "sha256:4d89a2e9219a526401015153c0e9dd48319ea6ab9fe3b066a20aa9aee23d9fd3",
                "sha256:4e59e99fd680e2b8b11bbd463f3c9450ab799305d5f2bafb74fefba6ac058616",
                "sha256:548794f99ff52a73a156771a0402f5e1c35285bd981046a502d7e4793e8facaa",
                "sha256:56fd98c8294f57636084f4b076b75f86c57b2a63a8410c0cd172bc93695ee979",
                "sha256:59697568a0455764a094585b2551fd76bfd6b959c9f92d4bdec9d0e14616303a",
                "sha256:6bff50ba9891be0a004ef48828e012babaaf7da204d81ab9be37480b9020a82b",
                "sha256:6cb3dd7f23b044b0737317f892d399f9e2f0b3a02b22b2c692851fb8120d82c6",
                "sha256:7dbfbc0020aa1d9bc1b0b8bcf255a7d73f4ad0336f8fd2533fcc54a4ccfb9441",
                "sha256:838eb85de6d9307c19c655c726f8d13b8b646f144ca6b3771fa62b711ebf7624",
                "sha256:8b68f565a4175e12e68ca900af8910e8fe48aaa48fd3ca853494f384e11c8bcd",
                "sha256:8f284dc1695caf71a74f24993b7c7473d77bc760be45f776a2c2f4e04c170550",
                "sha256:963ebdc5365d748185fdb06daf2ac758116deecb2277ec5ae98139f93844bc09",
                "sha256:a048dad5ed6ad1fad338c02c609b862dfaa921fcd065d747194a6805f91f2196",
                "sha256:a1bd983c565f92779be456ece2479840ec39d386007cd4ae83382646293d681b",
                "sha256:a66566f8a22561fc1a88dc87606c69b84fa9ce724f99522cf922c801ec68f5c1",
                "sha256:bcb04ff12e79b28be6c9988f275e7ab69f01cc2ba319fb3114f87817bb7c74b6",
                "sha256:bd24054aaf21e70a51e2a2a5ed1183560d3a69e6f9594a4bfe360a46f94eba83",
                "sha256:be25cb93442c6d2f8702c599b51184bd3ccd83adebd08886b682173e09ef0c3f",
                "sha256:c691b26283c3a31594683217d746f1dad59a7ae1d4cfc24626d7a064a11197d4",
                "sha256:cc9d0dec711c914ed500f1d0d3822868760954dce98dfb0b7382a854aee55d19",
                "sha256:ce2e5e04bb86da6187f96d7bab3f93a7877830981b37f0287dd6479e27a10341",
                "sha256:ce651ca46d0202c302a535d3047c55a0131a720cf554a578fc1b8a2aff0e7d96",
                "sha256:d0c8ebbfd439c37624db98f3877d9ed12c137cadd99dde2d2eae0dab0bbfc355",
                "sha256:d675a876b295afa114ca8bf42d7f86b5fb1298e1b6bb9a24405a3f6c8338811c",
                "sha256:dde3f3ed8d00c72631bc19cbfff8ad3b6215062a5eed402381ad365f82f0c18c",
                "sha256:e5a31c07cea5edbaeb4bdba6f2b87db7d3dc0f446f379d907e51cc70ea375629",
                "sha256:f514c2717012859ccb349c97862568fdc0479aad85b0270d6b5a6509dbc142e2",
                "sha256:fc0db32f7223b094964e71729c0361f93db43664dd1ec86d3df217853cedda87",
                "sha256:fd4fd83aa912d7b89b4b4a1580d30e2a4242f3936882a3f433586e5ab97ed0d5",
                "sha256:feb5db446e96bfecfec078b943cc07744cc759893cef045aa8b8b6d6aaa8274e"
            ],
            "index": "pypi",
            "version": "==8.3.2"
        },
        "protobuf": {
            "hashes": [
                "sha256:13ee7be3c2d9a5d2b42a1030976f760f28755fcf5863c55b1460fd205e6cd637",
                "sha256:145ce0af55c4259ca74993ddab3479c78af064002ec8227beb3d944405123c71",
                "sha256:14c1c9377a7ffbeaccd4722ab0aa900091f52b516ad89c4b0c3bb0a4af903ba5",
                "sha256:1556a1049ccec58c7855a78d27e5c6e70e95103b32de9142bae0576e9200a1b0",
                "sha256:26010f693b675ff5a1d0e1bdb17689b8b716a18709113288fead438703d45539",
                "sha256:2ae692bb6d1992afb6b74348e7bb648a75bb0d3565a3f5eea5bec8f62bd06d87",
                "sha256:2bfb815216a9cd9faec52b16fd2bfa68437a44b67c56bee59bc3926522ecb04e",
                "sha256:4ffbd23640bb7403574f7aff8368e2aeb2ec9a5c6306580be48ac59a6bac8bde",
                "sha256:59e5cf6b737c3a376932fbfb869043415f7c16a0cf176ab30a5bbc419cd709c1",
                "sha256:6902a1e4b7a319ec611a7345ff81b6b004b36b0d2196ce7a748b3493da3d226d",
                "sha256:6ce4d8bf0321e7b2d4395e253f8002a1a5ffbcfd7bcc0a6ba46712c07d47d0b4",
                "sha256:6d847c59963c03fd7a0cd7c488cadfa10cda4fff34d8bc8cba92935a91b7a037",
                "sha256:72804ea5eaa9c22a090d2803813e280fb273b62d5ae497aaf3553d141c4fdd7b",
                "sha256:7a4c97961e9e5b03a56f9a6c82742ed55375c4a25f2692b625d4087d02ed31b9",
                "sha256:85d6303e4adade2827e43c2b54114d9a6ea547b671cb63fafd5011dc47d0e13d",
                "sha256:8727ee027157516e2c311f218ebf2260a18088ffb2d29473e82add217d196b1c",
                "sha256:99938f2a2d7ca6563c0ade0c5ca8982264c484fdecf418bd68e880a7ab5730b1",
                "sha256:9b7a5c1022e0fa0dbde7fd03682d07d14624ad870ae52054849d8960f04bc764",
                "sha256:a22b3a0dbac6544dacbafd4c5f6a29e389a50e3b193e2c70dae6bbf7930f651d",
                "sha256:a38bac25f51c93e4be4092c88b2568b9f407c27217d3dd23c7a57fa522a17554",
                "sha256:a981222367fb4210a10a929ad5983ae93bd5a050a0824fc35d6371c07b78caf6",
                "sha256:ab6bb0e270c6c58e7ff4345b3a803cc59dbee19ddf77a4719c5b635f1d547aa8",
                "sha256:c56c050a947186ba51de4f94ab441d7f04fcd44c56df6e922369cc2e1a92d683",
                "sha256:e76d9686e088fece2450dbc7ee905f9be904e427341d289acbe9ad00b78ebd47",
                "sha256:ebcb546f10069b56dc2e3da35e003a02076aaa377caf8530fe9789570984a8d2",
                "sha256:f0e59430ee953184a703a324b8ec52f571c6c4259d496a19d1cabcdc19dabc62",
                "sha256:ffea251f5cd3c0b9b43c7a7a912777e0bc86263436a87c2555242a348817221b"
            ],
            "version": "==3.17.3"
        },
        "pyasn1": {
            "hashes": [
                "sha256:014c0e9976956a08139dc0712ae195324a75e142284d5f87f1a87ee1b068a359",
                "sha256:03840c999ba71680a131cfaee6fab142e1ed9bbd9c693e285cc6aca0d555e576",
                "sha256:0458773cfe65b153891ac249bcf1b5f8f320b7c2ce462151f8fa74de8934becf",
                "sha256:08c3c53b75eaa48d71cf8c710312316392ed40899cb34710d092e96745a358b7",
                "sha256:39c7e2ec30515947ff4e87fb6f456dfc6e84857d34be479c9d4a4ba4bf46aa5d",
                "sha256:5c9414dcfede6e441f7e8f81b43b34e834731003427e5b09e4e00e3172a10f00",
                "sha256:6e7545f1a61025a4e58bb336952c5061697da694db1cae97b116e9c46abcf7c8",
                "sha256:78fa6da68ed2727915c4767bb386ab32cdba863caa7dbe473eaae45f9959da86",
                "sha256:7ab8a544af125fb704feadb008c99a88805126fb525280b2270bb25cc1d78a12",
                "sha256:99fcc3c8d804d1bc6d9a099921e39d827026409a58f2a720dcdb89374ea0c776",
                "sha256:aef77c9fb94a3ac588e87841208bdec464471d9871bd5050a287cc9a475cd0ba",
                "sha256:e89bf84b5437b532b0803ba5c9a5e054d21fec423a89952a74f87fa2c9b7bce2",
                "sha256:fec3e9d8e36808a28efb59b489e4528c10ad0f480e57dcc32b4de5c9d8c9fdf3"
            ],
            "version": "==0.4.8"
        },
        "pyasn1-modules": {
            "hashes": [
                "sha256:0845a5582f6a02bb3e1bde9ecfc4bfcae6ec3210dd270522fee602365430c3f8",
                "sha256:0fe1b68d1e486a1ed5473f1302bd991c1611d319bba158e98b106ff86e1d7199",
                "sha256:15b7c67fabc7fc240d87fb9aabf999cf82311a6d6fb2c70d00d3d0604878c811",
                "sha256:426edb7a5e8879f1ec54a1864f16b882c2837bfd06eee62f2c982315ee2473ed",
                "sha256:65cebbaffc913f4fe9e4808735c95ea22d7a7775646ab690518c056784bc21b4",
                "sha256:905f84c712230b2c592c19470d3ca8d552de726050d1d1716282a1f6146be65e",
                "sha256:a50b808ffeb97cb3601dd25981f6b016cbb3d31fbf57a8b8a87428e6158d0c74",
                "sha256:a99324196732f53093a84c4369c996713eb8c89d360a496b599fb1a9c47fc3eb",
                "sha256:b80486a6c77252ea3a3e9b1e360bc9cf28eaac41263d173c032581ad2f20fe45",
                "sha256:c29a5e5cc7a3f05926aff34e097e84f8589cd790ce0ed41b67aed6857b26aafd",
                "sha256:cbac4bc38d117f2a49aeedec4407d23e8866ea4ac27ff2cf7fb3e5b570df19e0",
                "sha256:f39edd8c4ecaa4556e989147ebf219227e2cd2e8a43c7e7fcb1f1c18c5fd6a3d",
                "sha256:fe0644d9ab041506b62782e92b06b8c68cca799e1a9636ec398675459e031405"
            ],
            "version": "==0.2.8"
        },
        "pyyaml": {
            "hashes": [
                "sha256:08682f6b72c722394747bddaf0aa62277e02557c0fd1c42cb853016a38f8dedf",
                "sha256:0f5f5786c0e09baddcd8b4b45f20a7b5d61a7e7e99846e3c799b05c7c53fa696",
                "sha256:129def1b7c1bf22faffd67b8f3724645203b79d8f4cc81f674654d9902cb4393",
                "sha256:294db365efa064d00b8d1ef65d8ea2c3426ac366c0c4368d930bf1c5fb497f77",
                "sha256:3b2b1824fe7112845700f815ff6a489360226a5609b96ec2190a45e62a9fc922",
                "sha256:3bd0e463264cf257d1ffd2e40223b197271046d09dadf73a0fe82b9c1fc385a5",
                "sha256:4465124ef1b18d9ace298060f4eccc64b0850899ac4ac53294547536533800c8",
                "sha256:49d4cdd9065b9b6e206d0595fee27a96b5dd22618e7520c33204a4a3239d5b10",
                "sha256:4e0583d24c881e14342eaf4ec5fbc97f934b999a6828693a99157fde912540cc",
                "sha256:5accb17103e43963b80e6f837831f38d314a0495500067cb25afab2e8d7a4018",
                "sha256:607774cbba28732bfa802b54baa7484215f530991055bb562efbed5b2f20a45e",
                "sha256:6c78645d400265a062508ae399b60b8c167bf003db364ecb26dcab2bda048253",
                "sha256:72a01f726a9c7851ca9bfad6fd09ca4e090a023c00945ea05ba1638c09dc3347",
                "sha256:74c1485f7707cf707a7aef42ef6322b8f97921bd89be2ab6317fd782c2d53183",
                "sha256:895f61ef02e8fed38159bb70f7e100e00f471eae2bc838cd0f4ebb21e28f8541",
                "sha256:8c1be557ee92a20f184922c7b6424e8ab6691788e6d86137c5d93c1a6ec1b8fb",
                "sha256:bb4191dfc9306777bc594117aee052446b3fa88737cd13b7188d0e7aa8162185",
                "sha256:bfb51918d4ff3d77c1c856a9699f8492c612cde32fd3bcd344af9be34999bfdc",
                "sha256:c20cfa2d49991c8b4147af39859b167664f2ad4561704ee74c1de03318e898db",
                "sha256:cb333c16912324fd5f769fff6bc5de372e9e7a202247b48870bc251ed40239aa",
                "sha256:d2d9808ea7b4af864f35ea216be506ecec180628aced0704e34aca0b040ffe46",
                "sha256:d483ad4e639292c90170eb6f7783ad19490e7a8defb3e46f97dfe4bacae89122",
                "sha256:dd5de0646207f053eb0d6c74ae45ba98c3395a571a2891858e87df7c9b9bd51b",
                "sha256:e1d4970ea66be07ae37a3c2e48b5ec63f7ba6804bdddfdbd3cfd954d25a82e63",
                "sha256:e4fac90784481d221a8e4b1162afa7c47ed953be40d31ab4629ae917510051df",
                "sha256:fa5ae20527d8e831e8230cbffd9f8fe952815b2b7dae6ffec25318803a7528fc",
                "sha256:fd7f6999a8070df521b6384004ef42833b9bd62cfee11a09bda1079b4b704247",
                "sha256:fdc842473cd33f45ff6bce46aea678a54e3d21f1b61a7750ce3c498eedfe25d6",
                "sha256:fe69978f3f768926cfa37b867e3843918e012cf83f680806599ddce33c2c68b0"
            ],
            "markers": "python_version >= '2.7' and python_version not in '3.0, 3.1, 3.2, 3.3, 3.4, 3.5'",
            "version": "==5.4.1"
        },
        "requests": {
            "hashes": [
                "sha256:43999036bfa82904b6af1d99e4882b560e5e2c68e5c4b0aa03b655f3d7d73fee",
                "sha256:5d2d0ffbb515f39417009a46c14256291061ac01ba8f875b90cad137de83beb4",
                "sha256:b3f43d496c6daba4493e7c431722aeb7dbc6288f52a6e04e7b6023b0247817e6"
            ],
            "index": "pypi",
            "version": "==2.23.0"
        },
        "requests-oauthlib": {
            "hashes": [
                "sha256:7f71572defaecd16372f9006f33c2ec8c077c3cfa6f5911a9a90202beb513f3d",
                "sha256:b4261601a71fd721a8bd6d7aa1cc1d6a8a93b4a9f5e96626f8e4d91e8beeaa6a",
                "sha256:fa6c47b933f01060936d87ae9327fead68768b69c6c9ea2109c48be30f2d4dbc"
            ],
            "version": "==1.3.0"
        },
        "rsa": {
            "hashes": [
                "sha256:78f9a9bf4e7be0c5ded4583326e7461e3a3c5aae24073648b4bdfa797d78c9d2",
                "sha256:9d689e6ca1b3038bc82bf8d23e944b6b6037bc02301a574935b2dd946e0353b9"
            ],
            "markers": "python_version >= '3.6'",
            "version": "==4.7.2"
        },
        "scipy": {
            "hashes": [
                "sha256:00af72998a46c25bdb5824d2b729e7dabec0c765f9deb0b504f928591f5ff9d4",
                "sha256:0902a620a381f101e184a958459b36d3ee50f5effd186db76e131cbefcbb96f7",
                "sha256:1e3190466d669d658233e8a583b854f6386dd62d655539b77b3fa25bfb2abb70",
                "sha256:2cce3f9847a1a51019e8c5b47620da93950e58ebc611f13e0d11f4980ca5fecb",
                "sha256:3092857f36b690a321a662fe5496cb816a7f4eecd875e1d36793d92d3f884073",
                "sha256:386086e2972ed2db17cebf88610aab7d7f6e2c0ca30042dc9a89cf18dcc363fa",
                "sha256:71eb180f22c49066f25d6df16f8709f215723317cc951d99e54dc88020ea57be",
                "sha256:770254a280d741dd3436919d47e35712fb081a6ff8bafc0f319382b954b77802",
                "sha256:787cc50cab3020a865640aba3485e9fbd161d4d3b0d03a967df1a2881320512d",
                "sha256:8a07760d5c7f3a92e440ad3aedcc98891e915ce857664282ae3c0220f3301eb6",
                "sha256:8d3bc3993b8e4be7eade6dcc6fd59a412d96d3a33fa42b0fa45dc9e24495ede9",
                "sha256:9508a7c628a165c2c835f2497837bf6ac80eb25291055f56c129df3c943cbaf8",
                "sha256:a144811318853a23d32a07bc7fd5561ff0cac5da643d96ed94a4ffe967d89672",
                "sha256:a1aae70d52d0b074d8121333bc807a485f9f1e6a69742010b33780df2e60cfe0",
                "sha256:a2d6df9eb074af7f08866598e4ef068a2b310d98f87dc23bd1b90ec7bdcec802",
                "sha256:bb517872058a1f087c4528e7429b4a44533a902644987e7b2fe35ecc223bc408",
                "sha256:c5cac0c0387272ee0e789e94a570ac51deb01c796b37fb2aad1fb13f85e2f97d",
                "sha256:cc971a82ea1170e677443108703a2ec9ff0f70752258d0e9f5433d00dda01f59",
                "sha256:dba8306f6da99e37ea08c08fef6e274b5bf8567bb094d1dbe86a20e532aca088",
                "sha256:dc60bb302f48acf6da8ca4444cfa17d52c63c5415302a9ee77b3b21618090521",
                "sha256:dee1bbf3a6c8f73b6b218cb28eed8dd13347ea2f87d572ce19b289d6fd3fbc59"
            ],
            "markers": "python_version >= '3'",
            "version": "==1.4.1"
        },
        "six": {
            "hashes": [
                "sha256:1e61c37477a1626458e36f7b1d82aa5c9b094fa4802892072e49de9c60c4c926",
                "sha256:8abb2f1d86890a2dfb989f9a77cfcfd3e47c2a354b01111771326f8aa26e0254"
            ],
            "markers": "python_version >= '2.7' and python_version not in '3.0, 3.1, 3.2, 3.3'",
            "version": "==1.16.0"
        },
        "tensorboard": {
            "hashes": [
                "sha256:a3feb73e1221c0a512398ad2cd08570fb082d8a2ba364aa0562543ecbd3659ef"
            ],
            "markers": "python_version >= '2.7' and python_version not in '3.0, 3.1, 3.2, 3.3'",
            "version": "==2.2.2"
        },
        "tensorboard-plugin-wit": {
            "hashes": [
                "sha256:2a80d1c551d741e99b2f197bb915d8a133e24adb8da1732b840041860f91183a"
            ],
            "version": "==1.8.0"
        },
        "tensorflow": {
            "hashes": [
                "sha256:267017724a49c367ca5df536e5f6d3d59643eaed946c82233d6b371e62b5ddc8",
                "sha256:3ee8819732d8594913b7d22ded7b22e48a49aa015050d8dd8464eaa010ba2e41",
                "sha256:572f69d2d0a3d3d83ebfb2c24e6d73d88b85a09f5da796974ef4a0ad83ff7cde",
                "sha256:6735486ee9c3cb0807476e2b36ef7a4cd6c597cb24abf496e66b703360e1e54e",
                "sha256:68ea22aee9c269a6a0c1061c141f1ec1cd1b1be7569390519c1bf4773f434a40",
                "sha256:784ab8217e4b0eb4d121c28430c6cdc2ce56c02634a9720d84fb30598b338b8c",
                "sha256:7ed67b47cdf6598a79583de5b57c595493eac2b8b6b3a828f912354716cb8149",
                "sha256:8f364528f70d895b96a0de36c7c6002644bf4c5df1ee3fbfa775f5cee6571ad7",
                "sha256:bbcfb04738099bd46822db91584db74703fdddacf4cd0a76acfc5e086956b5ba",
                "sha256:c332c7fc5cfd54cb86d5da99787c9693e3a924848097c54df1b71ee595a39c93",
                "sha256:dc5548562308acde7931f040e73d46ae31b398924cf675c3486fd3504e00a4af",
                "sha256:f5f27528570fc0d7b90668be10c5dfd90d6ceb8fd2ed62d7d679554acb616bfe"
            ],
            "index": "pypi",
            "version": "==2.2.0"
        },
        "tensorflow-estimator": {
            "hashes": [
                "sha256:d09dacdd127f2579cea8d5af21f4a918036b8ae246adc82f26b61f91cc247dc2"
            ],
            "version": "==2.2.0"
        },
        "termcolor": {
            "hashes": [
                "sha256:1d6d69ce66211143803fbc56652b41d73b4a400a2891d7bf7a1cdf4c02de613b"
            ],
            "version": "==1.1.0"
        },
        "tqdm": {
            "hashes": [
                "sha256:4733c4a10d0f2a4d098d801464bdaf5240c7dadd2a7fde4ee93b0a0efd9fb25e",
                "sha256:acdafb20f51637ca3954150d0405ff1a7edde0ff19e38fb99a80a66210d2a28f"
            ],
            "index": "pypi",
            "version": "==4.46.0"
        },
        "typing-extensions": {
            "hashes": [
                "sha256:49f75d16ff11f1cd258e1b988ccff82a3ca5570217d7ad8c5f48205dd99a677e",
                "sha256:d8226d10bc02a29bcc81df19a26e56a9647f8b0a6d4a83924139f4a8b01f17b7",
                "sha256:f1d25edafde516b146ecd0613dabcc61409817af4766fbbcfb8d1ad4ec441a34"
            ],
            "markers": "python_version < '3.8'",
            "version": "==3.10.0.2"
        },
        "urllib3": {
            "hashes": [
                "sha256:8d7eaa5a82a1cac232164990f04874c594c9453ec55eef02eab885aa02fc17a2",
                "sha256:f5321fbe4bf3fefa0efd0bfe7fb14e90909eb62a48ccda331726b4319897dd5e"
            ],
            "markers": "python_version >= '2.7' and python_version not in '3.0, 3.1, 3.2, 3.3, 3.4' and python_version < '4'",
            "version": "==1.25.11"
        },
        "werkzeug": {
            "hashes": [
                "sha256:1de1db30d010ff1af14a009224ec49ab2329ad2cde454c8a708130642d579c42",
                "sha256:6c1ec500dcdba0baa27600f6a22f6333d8b662d22027ff9f6202e3367413caa8"
            ],
            "markers": "python_version >= '3.6'",
            "version": "==2.0.1"
        },
        "wheel": {
            "hashes": [
                "sha256:21014b2bd93c6d0034b6ba5d35e4eb284340e09d63c59aef6fc14b0f346146fd",
                "sha256:e2ef7239991699e3355d54f8e968a21bb940a1dbf34a4d226741e64462516fad"
            ],
            "markers": "python_version >= '3'",
            "version": "==0.37.0"
        },
        "wrapt": {
            "hashes": [
                "sha256:b62ffa81fb85f4332a4f609cab4ac40709470da05643a082ec1eb88e6d9b97d7"
            ],
            "version": "==1.12.1"
        },
        "zipp": {
            "hashes": [
                "sha256:957cfda87797e389580cb8b9e3870841ca991e2125350677b2ca83a0e99390a3",
                "sha256:f5812b1e007e48cff63449a5e9f4e7ebea716b4111f9c4f9a645f91d579bf0c4"
            ],
            "markers": "python_version >= '3.6'",
            "version": "==3.5.0"
        }
    },
    "develop": {
        "attrs": {
            "hashes": [
                "sha256:149e90d6d8ac20db7a955ad60cf0e6881a3f20d37096140088356da6c716b0b1",
                "sha256:ef6aaac3ca6cd92904cdd0d83f629a15f18053ec84e6432106f7a4d04ae4f5fb"
            ],
            "markers": "python_version >= '2.7' and python_version not in '3.0, 3.1, 3.2, 3.3, 3.4'",
            "version": "==21.2.0"
        },
        "graphviz": {
            "hashes": [
                "sha256:cb0e878f90378489f17aab140b68e64e44b79e4cb59a530c8863d84bf2e2e5f5",
                "sha256:e104ba036c8aef84320ec80560e544cd3cad68c9f90394b4e2b87bc44ab09791"
            ],
            "index": "pypi",
            "version": "==0.14"
        },
        "importlib-metadata": {
            "hashes": [
                "sha256:b618b6d2d5ffa2f16add5697cf57a46c76a56229b0ed1c438322e4e95645bd15",
                "sha256:f284b3e11256ad1e5d03ab86bb2ccd6f5339688ff17a4d797a0fe7df326f23b1"
            ],
            "markers": "python_version < '3.8'",
            "version": "==4.8.1"
        },
        "more-itertools": {
            "hashes": [
                "sha256:70401259e46e216056367a0a6034ee3d3f95e0bf59d3aa6a4eb77837171ed996",
                "sha256:8c746e0d09871661520da4f1241ba6b908dc903839733c8203b552cffaf173bd"
            ],
            "markers": "python_version >= '3.5'",
            "version": "==8.9.0"
        },
        "packaging": {
            "hashes": [
                "sha256:7dc96269f53a4ccec5c0670940a4281106dd0bb343f47b7471f779df49c2fbe7",
                "sha256:c86254f9220d55e31cc94d69bade760f0847da8000def4dfe1c6b872fd14ff14"
            ],
            "markers": "python_version >= '3.6'",
            "version": "==21.0"
        },
        "pluggy": {
            "hashes": [
                "sha256:15b2acde666561e1298d71b523007ed7364de07029219b604cf808bfa1c765b0",
                "sha256:966c145cd83c96502c3c3868f50408687b38434af77734af1e9ca461a4081d2d"
            ],
            "markers": "python_version >= '2.7' and python_version not in '3.0, 3.1, 3.2, 3.3'",
            "version": "==0.13.1"
        },
        "py": {
            "hashes": [
                "sha256:21b81bda15b66ef5e1a777a21c4dcd9c20ad3efd0b3f817e7a809035269e1bd3",
                "sha256:3b80836aa6d1feeaa108e046da6423ab8f6ceda6468545ae8d02d9d58d18818a"
            ],
            "markers": "python_version >= '2.7' and python_version not in '3.0, 3.1, 3.2, 3.3'",
            "version": "==1.10.0"
        },
        "pydot": {
            "hashes": [
                "sha256:67be714300c78fda5fd52f79ec994039e3f76f074948c67b5ff539b433ad354f",
                "sha256:d49c9d4dd1913beec2a997f831543c8cbd53e535b1a739e921642fe416235f01"
            ],
            "index": "pypi",
            "version": "==1.4.1"
        },
        "pydotplus": {
            "hashes": [
                "sha256:91e85e9ee9b85d2391ead7d635e3d9c7f5f44fd60a60e59b13e2403fa66505c4"
            ],
            "index": "pypi",
            "version": "==2.0.2"
        },
        "pyparsing": {
            "hashes": [
                "sha256:c203ec8783bf771a155b207279b9bccb8dea02d8f0c9e5f8ead507bc3246ecc1",
                "sha256:ef9d7589ef3c200abe66653d3f1ab1033c3c419ae9b9bdb1240a85b024efc88b"
            ],
            "markers": "python_version >= '2.6' and python_version not in '3.0, 3.1, 3.2, 3.3'",
            "version": "==2.4.7"
        },
        "pytest": {
            "hashes": [
                "sha256:95c710d0a72d91c13fae35dce195633c929c3792f54125919847fdcdf7caa0d3",
                "sha256:eb2b5e935f6a019317e455b6da83dd8650ac9ffd2ee73a7b657a30873d67a698"
            ],
            "index": "pypi",
            "version": "==5.4.2"
        },
        "typing-extensions": {
            "hashes": [
                "sha256:49f75d16ff11f1cd258e1b988ccff82a3ca5570217d7ad8c5f48205dd99a677e",
                "sha256:d8226d10bc02a29bcc81df19a26e56a9647f8b0a6d4a83924139f4a8b01f17b7",
                "sha256:f1d25edafde516b146ecd0613dabcc61409817af4766fbbcfb8d1ad4ec441a34"
            ],
            "markers": "python_version < '3.8'",
            "version": "==3.10.0.2"
        },
        "wcwidth": {
            "hashes": [
                "sha256:beb4802a9cebb9144e99086eff703a642a13d6a0052920003a230f3294bbe784",
                "sha256:c4d647b99872929fdb7bdcaa4fbe7f01413ed3d98077df798530e5b04f116c83"
            ],
            "version": "==0.2.5"
        },
        "zipp": {
            "hashes": [
                "sha256:957cfda87797e389580cb8b9e3870841ca991e2125350677b2ca83a0e99390a3",
                "sha256:f5812b1e007e48cff63449a5e9f4e7ebea716b4111f9c4f9a645f91d579bf0c4"
            ],
            "markers": "python_version >= '3.6'",
            "version": "==3.5.0"
        }
    }
}
